// !$*UTF8*$!
{
	archiveVersion = 1;
	classes = {
	};
	objectVersion = 46;
	objects = {

/* Begin PBXBuildFile section */
		072B31701A54283D00F1BDDA /* main.m in Sources */ = {isa = PBXBuildFile; fileRef = 072B316F1A54283D00F1BDDA /* main.m */; };
		072B31731A54283D00F1BDDA /* AppDelegate.m in Sources */ = {isa = PBXBuildFile; fileRef = 072B31721A54283D00F1BDDA /* AppDelegate.m */; };
		072B31761A54283D00F1BDDA /* ViewController.m in Sources */ = {isa = PBXBuildFile; fileRef = 072B31751A54283D00F1BDDA /* ViewController.m */; };
		072B31791A54283D00F1BDDA /* Main.storyboard in Resources */ = {isa = PBXBuildFile; fileRef = 072B31771A54283D00F1BDDA /* Main.storyboard */; };
		072B317B1A54283D00F1BDDA /* Images.xcassets in Resources */ = {isa = PBXBuildFile; fileRef = 072B317A1A54283D00F1BDDA /* Images.xcassets */; };
		072B317E1A54283D00F1BDDA /* LaunchScreen.xib in Resources */ = {isa = PBXBuildFile; fileRef = 072B317C1A54283D00F1BDDA /* LaunchScreen.xib */; };
		072B318A1A54283D00F1BDDA /* electronic_calculatorTests.m in Sources */ = {isa = PBXBuildFile; fileRef = 072B31891A54283D00F1BDDA /* electronic_calculatorTests.m */; };
/* End PBXBuildFile section */

/* Begin PBXContainerItemProxy section */
		072B31841A54283D00F1BDDA /* PBXContainerItemProxy */ = {
			isa = PBXContainerItemProxy;
			containerPortal = 072B31621A54283D00F1BDDA /* Project object */;
			proxyType = 1;
			remoteGlobalIDString = 072B31691A54283D00F1BDDA;
			remoteInfo = "electronic calculator";
		};
/* End PBXContainerItemProxy section */

/* Begin PBXFileReference section */
		072B316A1A54283D00F1BDDA /* electronic calculator.app */ = {isa = PBXFileReference; explicitFileType = wrapper.application; includeInIndex = 0; path = "electronic calculator.app"; sourceTree = BUILT_PRODUCTS_DIR; };
		072B316E1A54283D00F1BDDA /* Info.plist */ = {isa = PBXFileReference; lastKnownFileType = text.plist.xml; path = Info.plist; sourceTree = "<group>"; };
		072B316F1A54283D00F1BDDA /* main.m */ = {isa = PBXFileReference; lastKnownFileType = sourcecode.c.objc; path = main.m; sourceTree = "<group>"; };
		072B31711A54283D00F1BDDA /* AppDelegate.h */ = {isa = PBXFileReference; lastKnownFileType = sourcecode.c.h; path = AppDelegate.h; sourceTree = "<group>"; };
		072B31721A54283D00F1BDDA /* AppDelegate.m */ = {isa = PBXFileReference; lastKnownFileType = sourcecode.c.objc; path = AppDelegate.m; sourceTree = "<group>"; };
		072B31741A54283D00F1BDDA /* ViewController.h */ = {isa = PBXFileReference; lastKnownFileType = sourcecode.c.h; path = ViewController.h; sourceTree = "<group>"; };
		072B31751A54283D00F1BDDA /* ViewController.m */ = {isa = PBXFileReference; lastKnownFileType = sourcecode.c.objc; path = ViewController.m; sourceTree = "<group>"; };
		072B31781A54283D00F1BDDA /* Base */ = {isa = PBXFileReference; lastKnownFileType = file.storyboard; name = Base; path = Base.lproj/Main.storyboard; sourceTree = "<group>"; };
		072B317A1A54283D00F1BDDA /* Images.xcassets */ = {isa = PBXFileReference; lastKnownFileType = folder.assetcatalog; path = Images.xcassets; sourceTree = "<group>"; };
		072B317D1A54283D00F1BDDA /* Base */ = {isa = PBXFileReference; lastKnownFileType = file.xib; name = Base; path = Base.lproj/LaunchScreen.xib; sourceTree = "<group>"; };
		072B31831A54283D00F1BDDA /* electronic calculatorTests.xctest */ = {isa = PBXFileReference; explicitFileType = wrapper.cfbundle; includeInIndex = 0; path = "electronic calculatorTests.xctest"; sourceTree = BUILT_PRODUCTS_DIR; };
		072B31881A54283D00F1BDDA /* Info.plist */ = {isa = PBXFileReference; lastKnownFileType = text.plist.xml; path = Info.plist; sourceTree = "<group>"; };
		072B31891A54283D00F1BDDA /* electronic_calculatorTests.m */ = {isa = PBXFileReference; lastKnownFileType = sourcecode.c.objc; path = electronic_calculatorTests.m; sourceTree = "<group>"; };
/* End PBXFileReference section */

/* Begin PBXFrameworksBuildPhase section */
		072B31671A54283D00F1BDDA /* Frameworks */ = {
			isa = PBXFrameworksBuildPhase;
			buildActionMask = 2147483647;
			files = (
			);
			runOnlyForDeploymentPostprocessing = 0;
		};
		072B31801A54283D00F1BDDA /* Frameworks */ = {
			isa = PBXFrameworksBuildPhase;
			buildActionMask = 2147483647;
			files = (
			);
			runOnlyForDeploymentPostprocessing = 0;
		};
/* End PBXFrameworksBuildPhase section */

/* Begin PBXGroup section */
		072B31611A54283D00F1BDDA = {
			isa = PBXGroup;
			children = (
				072B316C1A54283D00F1BDDA /* electronic calculator */,
				072B31861A54283D00F1BDDA /* electronic calculatorTests */,
				072B316B1A54283D00F1BDDA /* Products */,
			);
			sourceTree = "<group>";
		};
		072B316B1A54283D00F1BDDA /* Products */ = {
			isa = PBXGroup;
			children = (
				072B316A1A54283D00F1BDDA /* electronic calculator.app */,
				072B31831A54283D00F1BDDA /* electronic calculatorTests.xctest */,
			);
			name = Products;
			sourceTree = "<group>";
		};
		072B316C1A54283D00F1BDDA /* electronic calculator */ = {
			isa = PBXGroup;
			children = (
				072B31711A54283D00F1BDDA /* AppDelegate.h */,
				072B31721A54283D00F1BDDA /* AppDelegate.m */,
				072B31741A54283D00F1BDDA /* ViewController.h */,
				072B31751A54283D00F1BDDA /* ViewController.m */,
				072B31771A54283D00F1BDDA /* Main.storyboard */,
				072B317A1A54283D00F1BDDA /* Images.xcassets */,
				072B317C1A54283D00F1BDDA /* LaunchScreen.xib */,
				072B316D1A54283D00F1BDDA /* Supporting Files */,
			);
			path = "electronic calculator";
			sourceTree = "<group>";
		};
		072B316D1A54283D00F1BDDA /* Supporting Files */ = {
			isa = PBXGroup;
			children = (
				072B316E1A54283D00F1BDDA /* Info.plist */,
				072B316F1A54283D00F1BDDA /* main.m */,
			);
			name = "Supporting Files";
			sourceTree = "<group>";
		};
		072B31861A54283D00F1BDDA /* electronic calculatorTests */ = {
			isa = PBXGroup;
			children = (
				072B31891A54283D00F1BDDA /* electronic_calculatorTests.m */,
				072B31871A54283D00F1BDDA /* Supporting Files */,
			);
			path = "electronic calculatorTests";
			sourceTree = "<group>";
		};
		072B31871A54283D00F1BDDA /* Supporting Files */ = {
			isa = PBXGroup;
			children = (
				072B31881A54283D00F1BDDA /* Info.plist */,
			);
			name = "Supporting Files";
			sourceTree = "<group>";
		};
/* End PBXGroup section */

/* Begin PBXNativeTarget section */
		072B31691A54283D00F1BDDA /* electronic calculator */ = {
			isa = PBXNativeTarget;
			buildConfigurationList = 072B318D1A54283D00F1BDDA /* Build configuration list for PBXNativeTarget "electronic calculator" */;
			buildPhases = (
				072B31661A54283D00F1BDDA /* Sources */,
				072B31671A54283D00F1BDDA /* Frameworks */,
				072B31681A54283D00F1BDDA /* Resources */,
			);
			buildRules = (
			);
			dependencies = (
			);
			name = "electronic calculator";
			productName = "electronic calculator";
			productReference = 072B316A1A54283D00F1BDDA /* electronic calculator.app */;
			productType = "com.apple.product-type.application";
		};
		072B31821A54283D00F1BDDA /* electronic calculatorTests */ = {
			isa = PBXNativeTarget;
			buildConfigurationList = 072B31901A54283D00F1BDDA /* Build configuration list for PBXNativeTarget "electronic calculatorTests" */;
			buildPhases = (
				072B317F1A54283D00F1BDDA /* Sources */,
				072B31801A54283D00F1BDDA /* Frameworks */,
				072B31811A54283D00F1BDDA /* Resources */,
			);
			buildRules = (
			);
			dependencies = (
				072B31851A54283D00F1BDDA /* PBXTargetDependency */,
			);
			name = "electronic calculatorTests";
			productName = "electronic calculatorTests";
			productReference = 072B31831A54283D00F1BDDA /* electronic calculatorTests.xctest */;
			productType = "com.apple.product-type.bundle.unit-test";
		};
/* End PBXNativeTarget section */

/* Begin PBXProject section */
		072B31621A54283D00F1BDDA /* Project object */ = {
			isa = PBXProject;
			attributes = {
				LastUpgradeCheck = 0610;
				ORGANIZATIONNAME = mycompany;
				TargetAttributes = {
					072B31691A54283D00F1BDDA = {
						CreatedOnToolsVersion = 6.1.1;
					};
					072B31821A54283D00F1BDDA = {
						CreatedOnToolsVersion = 6.1.1;
						TestTargetID = 072B31691A54283D00F1BDDA;
					};
				};
			};
			buildConfigurationList = 072B31651A54283D00F1BDDA /* Build configuration list for PBXProject "electronic calculator" */;
			compatibilityVersion = "Xcode 3.2";
			developmentRegion = English;
			hasScannedForEncodings = 0;
			knownRegions = (
				en,
				Base,
			);
			mainGroup = 072B31611A54283D00F1BDDA;
			productRefGroup = 072B316B1A54283D00F1BDDA /* Products */;
			projectDirPath = "";
			projectRoot = "";
			targets = (
				072B31691A54283D00F1BDDA /* electronic calculator */,
				072B31821A54283D00F1BDDA /* electronic calculatorTests */,
			);
		};
/* End PBXProject section */

/* Begin PBXResourcesBuildPhase section */
		072B31681A54283D00F1BDDA /* Resources */ = {
			isa = PBXResourcesBuildPhase;
			buildActionMask = 2147483647;
			files = (
				072B31791A54283D00F1BDDA /* Main.storyboard in Resources */,
				072B317E1A54283D00F1BDDA /* LaunchScreen.xib in Resources */,
				072B317B1A54283D00F1BDDA /* Images.xcassets in Resources */,
			);
			runOnlyForDeploymentPostprocessing = 0;
		};
		072B31811A54283D00F1BDDA /* Resources */ = {
			isa = PBXResourcesBuildPhase;
			buildActionMask = 2147483647;
			files = (
			);
			runOnlyForDeploymentPostprocessing = 0;
		};
/* End PBXResourcesBuildPhase section */

/* Begin PBXSourcesBuildPhase section */
		072B31661A54283D00F1BDDA /* Sources */ = {
			isa = PBXSourcesBuildPhase;
			buildActionMask = 2147483647;
			files = (
				072B31761A54283D00F1BDDA /* ViewController.m in Sources */,
				072B31731A54283D00F1BDDA /* AppDelegate.m in Sources */,
				072B31701A54283D00F1BDDA /* main.m in Sources */,
			);
			runOnlyForDeploymentPostprocessing = 0;
		};
		072B317F1A54283D00F1BDDA /* Sources */ = {
			isa = PBXSourcesBuildPhase;
			buildActionMask = 2147483647;
			files = (
				072B318A1A54283D00F1BDDA /* electronic_calculatorTests.m in Sources */,
			);
			runOnlyForDeploymentPostprocessing = 0;
		};
/* End PBXSourcesBuildPhase section */

/* Begin PBXTargetDependency section */
		072B31851A54283D00F1BDDA /* PBXTargetDependency */ = {
			isa = PBXTargetDependency;
			target = 072B31691A54283D00F1BDDA /* electronic calculator */;
			targetProxy = 072B31841A54283D00F1BDDA /* PBXContainerItemProxy */;
		};
/* End PBXTargetDependency section */

/* Begin PBXVariantGroup section */
		072B31771A54283D00F1BDDA /* Main.storyboard */ = {
			isa = PBXVariantGroup;
			children = (
				072B31781A54283D00F1BDDA /* Base */,
			);
			name = Main.storyboard;
			sourceTree = "<group>";
		};
		072B317C1A54283D00F1BDDA /* LaunchScreen.xib */ = {
			isa = PBXVariantGroup;
			children = (
				072B317D1A54283D00F1BDDA /* Base */,
			);
			name = LaunchScreen.xib;
			sourceTree = "<group>";
		};
/* End PBXVariantGroup section */

/* Begin XCBuildConfiguration section */
		072B318B1A54283D00F1BDDA /* Debug */ = {
			isa = XCBuildConfiguration;
			buildSettings = {
				ALWAYS_SEARCH_USER_PATHS = NO;
				CLANG_CXX_LANGUAGE_STANDARD = "gnu++0x";
				CLANG_CXX_LIBRARY = "libc++";
				CLANG_ENABLE_MODULES = YES;
				CLANG_ENABLE_OBJC_ARC = YES;
				CLANG_WARN_BOOL_CONVERSION = YES;
				CLANG_WARN_CONSTANT_CONVERSION = YES;
				CLANG_WARN_DIRECT_OBJC_ISA_USAGE = YES_ERROR;
				CLANG_WARN_EMPTY_BODY = YES;
				CLANG_WARN_ENUM_CONVERSION = YES;
				CLANG_WARN_INT_CONVERSION = YES;
				CLANG_WARN_OBJC_ROOT_CLASS = YES_ERROR;
				CLANG_WARN_UNREACHABLE_CODE = YES;
				CLANG_WARN__DUPLICATE_METHOD_MATCH = YES;
				"CODE_SIGN_IDENTITY[sdk=iphoneos*]" = "iPhone Developer";
				COPY_PHASE_STRIP = NO;
				ENABLE_STRICT_OBJC_MSGSEND = YES;
				GCC_C_LANGUAGE_STANDARD = gnu99;
				GCC_DYNAMIC_NO_PIC = NO;
				GCC_OPTIMIZATION_LEVEL = 0;
				GCC_PREPROCESSOR_DEFINITIONS = (
					"DEBUG=1",
					"$(inherited)",
				);
				GCC_SYMBOLS_PRIVATE_EXTERN = NO;
				GCC_WARN_64_TO_32_BIT_CONVERSION = YES;
				GCC_WARN_ABOUT_RETURN_TYPE = YES_ERROR;
				GCC_WARN_UNDECLARED_SELECTOR = YES;
				GCC_WARN_UNINITIALIZED_AUTOS = YES_AGGRESSIVE;
				GCC_WARN_UNUSED_FUNCTION = YES;
				GCC_WARN_UNUSED_VARIABLE = YES;
				IPHONEOS_DEPLOYMENT_TARGET = 8.1;
				MTL_ENABLE_DEBUG_INFO = YES;
				ONLY_ACTIVE_ARCH = YES;
				SDKROOT = iphoneos;
			};
			name = Debug;
		};
		072B318C1A54283D00F1BDDA /* Release */ = {
			isa = XCBuildConfiguration;
			buildSettings = {
				ALWAYS_SEARCH_USER_PATHS = NO;
				CLANG_CXX_LANGUAGE_STANDARD = "gnu++0x";
				CLANG_CXX_LIBRARY = "libc++";
				CLANG_ENABLE_MODULES = YES;
				CLANG_ENABLE_OBJC_ARC = YES;
				CLANG_WARN_BOOL_CONVERSION = YES;
				CLANG_WARN_CONSTANT_CONVERSION = YES;
				CLANG_WARN_DIRECT_OBJC_ISA_USAGE = YES_ERROR;
				CLANG_WARN_EMPTY_BODY = YES;
				CLANG_WARN_ENUM_CONVERSION = YES;
				CLANG_WARN_INT_CONVERSION = YES;
				CLANG_WARN_OBJC_ROOT_CLASS = YES_ERROR;
				CLANG_WARN_UNREACHABLE_CODE = YES;
				CLANG_WARN__DUPLICATE_METHOD_MATCH = YES;
				"CODE_SIGN_IDENTITY[sdk=iphoneos*]" = "iPhone Developer";
				COPY_PHASE_STRIP = YES;
				ENABLE_NS_ASSERTIONS = NO;
				ENABLE_STRICT_OBJC_MSGSEND = YES;
				GCC_C_LANGUAGE_STANDARD = gnu99;
				GCC_WARN_64_TO_32_BIT_CONVERSION = YES;
				GCC_WARN_ABOUT_RETURN_TYPE = YES_ERROR;
				GCC_WARN_UNDECLARED_SELECTOR = YES;
				GCC_WARN_UNINITIALIZED_AUTOS = YES_AGGRESSIVE;
				GCC_WARN_UNUSED_FUNCTION = YES;
				GCC_WARN_UNUSED_VARIABLE = YES;
				IPHONEOS_DEPLOYMENT_TARGET = 8.1;
				MTL_ENABLE_DEBUG_INFO = NO;
				SDKROOT = iphoneos;
				VALIDATE_PRODUCT = YES;
			};
			name = Release;
		};
		072B318E1A54283D00F1BDDA /* Debug */ = {
			isa = XCBuildConfiguration;
			buildSettings = {
				ASSETCATALOG_COMPILER_APPICON_NAME = AppIcon;
				INFOPLIST_FILE = "electronic calculator/Info.plist";
				LD_RUNPATH_SEARCH_PATHS = "$(inherited) @executable_path/Frameworks";
				PRODUCT_NAME = "$(TARGET_NAME)";
			};
			name = Debug;
		};
		072B318F1A54283D00F1BDDA /* Release */ = {
			isa = XCBuildConfiguration;
			buildSettings = {
				ASSETCATALOG_COMPILER_APPICON_NAME = AppIcon;
				INFOPLIST_FILE = "electronic calculator/Info.plist";
				LD_RUNPATH_SEARCH_PATHS = "$(inherited) @executable_path/Frameworks";
				PRODUCT_NAME = "$(TARGET_NAME)";
			};
			name = Release;
		};
		072B31911A54283D00F1BDDA /* Debug */ = {
			isa = XCBuildConfiguration;
			buildSettings = {
				BUNDLE_LOADER = "$(TEST_HOST)";
				FRAMEWORK_SEARCH_PATHS = (
					"$(SDKROOT)/Developer/Library/Frameworks",
					"$(inherited)",
				);
				GCC_PREPROCESSOR_DEFINITIONS = (
					"DEBUG=1",
					"$(inherited)",
				);
				INFOPLIST_FILE = "electronic calculatorTests/Info.plist";
				LD_RUNPATH_SEARCH_PATHS = "$(inherited) @executable_path/Frameworks @loader_path/Frameworks";
				PRODUCT_NAME = "$(TARGET_NAME)";
				TEST_HOST = "$(BUILT_PRODUCTS_DIR)/electronic calculator.app/electronic calculator";
			};
			name = Debug;
		};
		072B31921A54283D00F1BDDA /* Release */ = {
			isa = XCBuildConfiguration;
			buildSettings = {
				BUNDLE_LOADER = "$(TEST_HOST)";
				FRAMEWORK_SEARCH_PATHS = (
					"$(SDKROOT)/Developer/Library/Frameworks",
					"$(inherited)",
				);
				INFOPLIST_FILE = "electronic calculatorTests/Info.plist";
				LD_RUNPATH_SEARCH_PATHS = "$(inherited) @executable_path/Frameworks @loader_path/Frameworks";
				PRODUCT_NAME = "$(TARGET_NAME)";
				TEST_HOST = "$(BUILT_PRODUCTS_DIR)/electronic calculator.app/electronic calculator";
			};
			name = Release;
		};
/* End XCBuildConfiguration section */

/* Begin XCConfigurationList section */
		072B31651A54283D00F1BDDA /* Build configuration list for PBXProject "electronic calculator" */ = {
			isa = XCConfigurationList;
			buildConfigurations = (
				072B318B1A54283D00F1BDDA /* Debug */,
				072B318C1A54283D00F1BDDA /* Release */,
			);
			defaultConfigurationIsVisible = 0;
			defaultConfigurationName = Release;
		};
		072B318D1A54283D00F1BDDA /* Build configuration list for PBXNativeTarget "electronic calculator" */ = {
			isa = XCConfigurationList;
			buildConfigurations = (
				072B318E1A54283D00F1BDDA /* Debug */,
				072B318F1A54283D00F1BDDA /* Release */,
			);
			defaultConfigurationIsVisible = 0;
		};
		072B31901A54283D00F1BDDA /* Build configuration list for PBXNativeTarget "electronic calculatorTests" */ = {
			isa = XCConfigurationList;
			buildConfigurations = (
				072B31911A54283D00F1BDDA /* Debug */,
				072B31921A54283D00F1BDDA /* Release */,
			);
			defaultConfigurationIsVisible = 0;
		};
/* End XCConfigurationList section */
	};
	rootObject = 072B31621A54283D00F1BDDA /* Project object */;
}
